
Microsoft Visual Studio Solution File, Format Version 12.00
# Visual Studio Version 17
VisualStudioVersion = 17.0.31717.71
MinimumVisualStudioVersion = 10.0.40219.1
Project("{FAE04EC0-301F-11D3-BF4B-00C04F79EFBC}") = "wps application pratcice", "wps application pratcice.csproj", "{04FAF708-1402-414F-9BBE-A1C6C73FC3DC}"
EndProject
Global
	GlobalSection(SolutionConfigurationPlatforms) = preSolution
		Debug|Any CPU = Debug|Any CPU
		Release|Any CPU = Release|Any CPU
	EndGlobalSection
	GlobalSection(ProjectConfigurationPlatforms) = postSolution
		{04FAF708-1402-414F-9BBE-A1C6C73FC3DC}.Debug|Any CPU.ActiveCfg = Debug|Any CPU
		{04FAF708-1402-414F-9BBE-A1C6C73FC3DC}.Debug|Any CPU.Build.0 = Debug|Any CPU
		{04FAF708-1402-414F-9BBE-A1C6C73FC3DC}.Release|Any CPU.ActiveCfg = Release|Any CPU
		{04FAF708-1402-414F-9BBE-A1C6C73FC3DC}.Release|Any CPU.Build.0 = Release|Any CPU
	EndGlobalSection
	GlobalSection(SolutionProperties) = preSolution
		HideSolutionNode = FALSE
	EndGlobalSection
	GlobalSection(ExtensibilityGlobals) = postSolution
		SolutionGuid = {09FA508A-9062-40C7-93FF-7BF47FC2115F}
	EndGlobalSection
EndGlobal
